
Microsoft Visual Studio Solution File, Format Version 12.00
# Visual Studio 2013
VisualStudioVersion = 12.0.21005.1
MinimumVisualStudioVersion = 10.0.40219.1
Project("{FAE04EC0-301F-11D3-BF4B-00C04F79EFBC}") = "EpubLib", "src\EpubLib\EpubLib.csproj", "{6111C6D5-FD21-48DC-89CB-7425433D67B3}"
EndProject
Project("{FAE04EC0-301F-11D3-BF4B-00C04F79EFBC}") = "MordenWin", "src\MordenWin\MordenWin.csproj", "{998D84C8-BCEC-4D03-92EF-FF8174F0AD01}"
EndProject
Project("{2150E333-8FDC-42A3-9474-1A3956D46DE8}") = "AppSetup", "AppSetup", "{C7F02165-77BB-4762-A0A3-5E127BF00146}"
	ProjectSection(SolutionItems) = preProject
		src\AppSetup\Assoc.nsh = src\AppSetup\Assoc.nsh
		src\AppSetup\brand.png = src\AppSetup\brand.png
		src\AppSetup\DotNETInstall.nsh = src\AppSetup\DotNETInstall.nsh
		src\AppSetup\EpubViewerSetup.nsi = src\AppSetup\EpubViewerSetup.nsi
		src\AppSetup\License.rtf = src\AppSetup\License.rtf
		src\AppSetup\myui.exe = src\AppSetup\myui.exe
		src\AppSetup\side.bmp = src\AppSetup\side.bmp
		src\AppSetup\SkinH.she = src\AppSetup\SkinH.she
		src\AppSetup\uninstall.ico = src\AppSetup\uninstall.ico
	EndProjectSection
EndProject
Project("{8BC9CEB8-8B4A-11D0-8D11-00A0C91BC942}") = "rc4net", "src\rc4net\rc4net.vcxproj", "{3CC17200-4958-4021-A6F5-B29975C7D055}"
EndProject
Project("{2150E333-8FDC-42A3-9474-1A3956D46DE8}") = "Libs", "Libs", "{4274294F-DC70-4C48-8D1C-6A06DBB034A8}"
EndProject
Project("{2150E333-8FDC-42A3-9474-1A3956D46DE8}") = "Solution Items", "Solution Items", "{2FA562FF-0032-4683-8B1C-ADDDB188B3E8}"
	ProjectSection(SolutionItems) = preProject
		ChangeLog.md = ChangeLog.md
		LICENSE = LICENSE
		ReadMe.md = ReadMe.md
	EndProjectSection
EndProject
Project("{2150E333-8FDC-42A3-9474-1A3956D46DE8}") = "Services", "Services", "{E6C8354E-9D4A-4D50-AEA8-1B2A0C26B113}"
EndProject
Project("{FAE04EC0-301F-11D3-BF4B-00C04F79EFBC}") = "EpubService", "src\EpubService\EpubService.csproj", "{59AE3AA9-9C24-4E5E-8142-0A84741E940E}"
EndProject
Project("{FAE04EC0-301F-11D3-BF4B-00C04F79EFBC}") = "Views", "src\Views\Views.csproj", "{8E1DBF86-6FEE-4208-9C75-CC560521B968}"
EndProject
Project("{FAE04EC0-301F-11D3-BF4B-00C04F79EFBC}") = "Contact", "src\Contact\Contact.csproj", "{5268E4E2-3D5E-4461-943A-25A7E6CE4E94}"
EndProject
Project("{FAE04EC0-301F-11D3-BF4B-00C04F79EFBC}") = "EpubViewer", "src\EpubViewer\EpubViewer.csproj", "{AAC4FCE0-9EFC-49DE-BCFE-397B9E66D5B5}"
EndProject
Global
	GlobalSection(SolutionConfigurationPlatforms) = preSolution
		Debug|Any CPU = Debug|Any CPU
		Debug|Mixed Platforms = Debug|Mixed Platforms
		Release|Any CPU = Release|Any CPU
		Release|Mixed Platforms = Release|Mixed Platforms
	EndGlobalSection
	GlobalSection(ProjectConfigurationPlatforms) = postSolution
		{6111C6D5-FD21-48DC-89CB-7425433D67B3}.Debug|Any CPU.ActiveCfg = Debug|Any CPU
		{6111C6D5-FD21-48DC-89CB-7425433D67B3}.Debug|Any CPU.Build.0 = Debug|Any CPU
		{6111C6D5-FD21-48DC-89CB-7425433D67B3}.Debug|Mixed Platforms.ActiveCfg = Debug|Any CPU
		{6111C6D5-FD21-48DC-89CB-7425433D67B3}.Debug|Mixed Platforms.Build.0 = Debug|Any CPU
		{6111C6D5-FD21-48DC-89CB-7425433D67B3}.Release|Any CPU.ActiveCfg = Release|Any CPU
		{6111C6D5-FD21-48DC-89CB-7425433D67B3}.Release|Any CPU.Build.0 = Release|Any CPU
		{6111C6D5-FD21-48DC-89CB-7425433D67B3}.Release|Mixed Platforms.ActiveCfg = Release|Any CPU
		{6111C6D5-FD21-48DC-89CB-7425433D67B3}.Release|Mixed Platforms.Build.0 = Release|Any CPU
		{998D84C8-BCEC-4D03-92EF-FF8174F0AD01}.Debug|Any CPU.ActiveCfg = Debug|Any CPU
		{998D84C8-BCEC-4D03-92EF-FF8174F0AD01}.Debug|Any CPU.Build.0 = Debug|Any CPU
		{998D84C8-BCEC-4D03-92EF-FF8174F0AD01}.Debug|Mixed Platforms.ActiveCfg = Debug|Any CPU
		{998D84C8-BCEC-4D03-92EF-FF8174F0AD01}.Debug|Mixed Platforms.Build.0 = Debug|Any CPU
		{998D84C8-BCEC-4D03-92EF-FF8174F0AD01}.Release|Any CPU.ActiveCfg = Release|Any CPU
		{998D84C8-BCEC-4D03-92EF-FF8174F0AD01}.Release|Any CPU.Build.0 = Release|Any CPU
		{998D84C8-BCEC-4D03-92EF-FF8174F0AD01}.Release|Mixed Platforms.ActiveCfg = Release|Any CPU
		{998D84C8-BCEC-4D03-92EF-FF8174F0AD01}.Release|Mixed Platforms.Build.0 = Release|Any CPU
		{3CC17200-4958-4021-A6F5-B29975C7D055}.Debug|Any CPU.ActiveCfg = Debug|Win32
		{3CC17200-4958-4021-A6F5-B29975C7D055}.Debug|Mixed Platforms.ActiveCfg = Debug|Win32
		{3CC17200-4958-4021-A6F5-B29975C7D055}.Debug|Mixed Platforms.Build.0 = Debug|Win32
		{3CC17200-4958-4021-A6F5-B29975C7D055}.Release|Any CPU.ActiveCfg = Release|Win32
		{3CC17200-4958-4021-A6F5-B29975C7D055}.Release|Mixed Platforms.ActiveCfg = Release|Win32
		{3CC17200-4958-4021-A6F5-B29975C7D055}.Release|Mixed Platforms.Build.0 = Release|Win32
		{59AE3AA9-9C24-4E5E-8142-0A84741E940E}.Debug|Any CPU.ActiveCfg = Debug|Any CPU
		{59AE3AA9-9C24-4E5E-8142-0A84741E940E}.Debug|Any CPU.Build.0 = Debug|Any CPU
		{59AE3AA9-9C24-4E5E-8142-0A84741E940E}.Debug|Mixed Platforms.ActiveCfg = Debug|Any CPU
		{59AE3AA9-9C24-4E5E-8142-0A84741E940E}.Debug|Mixed Platforms.Build.0 = Debug|Any CPU
		{59AE3AA9-9C24-4E5E-8142-0A84741E940E}.Release|Any CPU.ActiveCfg = Release|Any CPU
		{59AE3AA9-9C24-4E5E-8142-0A84741E940E}.Release|Any CPU.Build.0 = Release|Any CPU
		{59AE3AA9-9C24-4E5E-8142-0A84741E940E}.Release|Mixed Platforms.ActiveCfg = Release|Any CPU
		{59AE3AA9-9C24-4E5E-8142-0A84741E940E}.Release|Mixed Platforms.Build.0 = Release|Any CPU
		{8E1DBF86-6FEE-4208-9C75-CC560521B968}.Debug|Any CPU.ActiveCfg = Debug|Any CPU
		{8E1DBF86-6FEE-4208-9C75-CC560521B968}.Debug|Any CPU.Build.0 = Debug|Any CPU
		{8E1DBF86-6FEE-4208-9C75-CC560521B968}.Debug|Mixed Platforms.ActiveCfg = Debug|Any CPU
		{8E1DBF86-6FEE-4208-9C75-CC560521B968}.Debug|Mixed Platforms.Build.0 = Debug|Any CPU
		{8E1DBF86-6FEE-4208-9C75-CC560521B968}.Release|Any CPU.ActiveCfg = Release|Any CPU
		{8E1DBF86-6FEE-4208-9C75-CC560521B968}.Release|Any CPU.Build.0 = Release|Any CPU
		{8E1DBF86-6FEE-4208-9C75-CC560521B968}.Release|Mixed Platforms.ActiveCfg = Release|Any CPU
		{8E1DBF86-6FEE-4208-9C75-CC560521B968}.Release|Mixed Platforms.Build.0 = Release|Any CPU
		{5268E4E2-3D5E-4461-943A-25A7E6CE4E94}.Debug|Any CPU.ActiveCfg = Debug|Any CPU
		{5268E4E2-3D5E-4461-943A-25A7E6CE4E94}.Debug|Any CPU.Build.0 = Debug|Any CPU
		{5268E4E2-3D5E-4461-943A-25A7E6CE4E94}.Debug|Mixed Platforms.ActiveCfg = Debug|Any CPU
		{5268E4E2-3D5E-4461-943A-25A7E6CE4E94}.Debug|Mixed Platforms.Build.0 = Debug|Any CPU
		{5268E4E2-3D5E-4461-943A-25A7E6CE4E94}.Release|Any CPU.ActiveCfg = Release|Any CPU
		{5268E4E2-3D5E-4461-943A-25A7E6CE4E94}.Release|Any CPU.Build.0 = Release|Any CPU
		{5268E4E2-3D5E-4461-943A-25A7E6CE4E94}.Release|Mixed Platforms.ActiveCfg = Release|Any CPU
		{5268E4E2-3D5E-4461-943A-25A7E6CE4E94}.Release|Mixed Platforms.Build.0 = Release|Any CPU
		{AAC4FCE0-9EFC-49DE-BCFE-397B9E66D5B5}.Debug|Any CPU.ActiveCfg = Debug|Any CPU
		{AAC4FCE0-9EFC-49DE-BCFE-397B9E66D5B5}.Debug|Any CPU.Build.0 = Debug|Any CPU
		{AAC4FCE0-9EFC-49DE-BCFE-397B9E66D5B5}.Debug|Mixed Platforms.ActiveCfg = Debug|Any CPU
		{AAC4FCE0-9EFC-49DE-BCFE-397B9E66D5B5}.Debug|Mixed Platforms.Build.0 = Debug|Any CPU
		{AAC4FCE0-9EFC-49DE-BCFE-397B9E66D5B5}.Release|Any CPU.ActiveCfg = Release|Any CPU
		{AAC4FCE0-9EFC-49DE-BCFE-397B9E66D5B5}.Release|Any CPU.Build.0 = Release|Any CPU
		{AAC4FCE0-9EFC-49DE-BCFE-397B9E66D5B5}.Release|Mixed Platforms.ActiveCfg = Release|Any CPU
		{AAC4FCE0-9EFC-49DE-BCFE-397B9E66D5B5}.Release|Mixed Platforms.Build.0 = Release|Any CPU
	EndGlobalSection
	GlobalSection(SolutionProperties) = preSolution
		HideSolutionNode = FALSE
	EndGlobalSection
	GlobalSection(NestedProjects) = preSolution
		{998D84C8-BCEC-4D03-92EF-FF8174F0AD01} = {4274294F-DC70-4C48-8D1C-6A06DBB034A8}
		{3CC17200-4958-4021-A6F5-B29975C7D055} = {4274294F-DC70-4C48-8D1C-6A06DBB034A8}
		{6111C6D5-FD21-48DC-89CB-7425433D67B3} = {4274294F-DC70-4C48-8D1C-6A06DBB034A8}
		{59AE3AA9-9C24-4E5E-8142-0A84741E940E} = {E6C8354E-9D4A-4D50-AEA8-1B2A0C26B113}
	EndGlobalSection
EndGlobal
