
Microsoft Visual Studio Solution File, Format Version 12.00
# Visual Studio 2013
VisualStudioVersion = 12.0.21005.1
MinimumVisualStudioVersion = 10.0.40219.1
Project("{FAE04EC0-301F-11D3-BF4B-00C04F79EFBC}") = "EpubLib", "src\EpubLib\EpubLib.csproj", "{6111C6D5-FD21-48DC-89CB-7425433D67B3}"
EndProject
Project("{FAE04EC0-301F-11D3-BF4B-00C04F79EFBC}") = "EpubViewer", "src\EpubViewer\EpubViewer.csproj", "{CF467D6A-CCBE-4BBB-A8BA-D864515F53D9}"
EndProject
Project("{FAE04EC0-301F-11D3-BF4B-00C04F79EFBC}") = "MordenWin", "src\MordenWin\MordenWin.csproj", "{998D84C8-BCEC-4D03-92EF-FF8174F0AD01}"
EndProject
Global
	GlobalSection(SolutionConfigurationPlatforms) = preSolution
		Debug|Any CPU = Debug|Any CPU
		Release|Any CPU = Release|Any CPU
	EndGlobalSection
	GlobalSection(ProjectConfigurationPlatforms) = postSolution
		{6111C6D5-FD21-48DC-89CB-7425433D67B3}.Debug|Any CPU.ActiveCfg = Debug|Any CPU
		{6111C6D5-FD21-48DC-89CB-7425433D67B3}.Debug|Any CPU.Build.0 = Debug|Any CPU
		{6111C6D5-FD21-48DC-89CB-7425433D67B3}.Release|Any CPU.ActiveCfg = Release|Any CPU
		{6111C6D5-FD21-48DC-89CB-7425433D67B3}.Release|Any CPU.Build.0 = Release|Any CPU
		{CF467D6A-CCBE-4BBB-A8BA-D864515F53D9}.Debug|Any CPU.ActiveCfg = Debug|Any CPU
		{CF467D6A-CCBE-4BBB-A8BA-D864515F53D9}.Debug|Any CPU.Build.0 = Debug|Any CPU
		{CF467D6A-CCBE-4BBB-A8BA-D864515F53D9}.Release|Any CPU.ActiveCfg = Release|Any CPU
		{CF467D6A-CCBE-4BBB-A8BA-D864515F53D9}.Release|Any CPU.Build.0 = Release|Any CPU
		{998D84C8-BCEC-4D03-92EF-FF8174F0AD01}.Debug|Any CPU.ActiveCfg = Debug|Any CPU
		{998D84C8-BCEC-4D03-92EF-FF8174F0AD01}.Debug|Any CPU.Build.0 = Debug|Any CPU
		{998D84C8-BCEC-4D03-92EF-FF8174F0AD01}.Release|Any CPU.ActiveCfg = Release|Any CPU
		{998D84C8-BCEC-4D03-92EF-FF8174F0AD01}.Release|Any CPU.Build.0 = Release|Any CPU
	EndGlobalSection
	GlobalSection(SolutionProperties) = preSolution
		HideSolutionNode = FALSE
	EndGlobalSection
EndGlobal
